Microsoft Visual Studio Solution File, Format Version 12.00
# Visual Studio Version 17
VisualStudioVersion = 17.5.2.0
MinimumVisualStudioVersion = 10.0.40219.1
Project("{FAE04EC0-301F-11D3-BF4B-00C04F79EFBC}") = "MyCSharpProject", "MyCSharpProject.csproj", "{490B43EE-0C66-8C05-3A39-A5FD2E08A29D}"
EndProject
Global
	GlobalSection(SolutionConfigurationPlatforms) = preSolution
		Debug|Any CPU = Debug|Any CPU
		Release|Any CPU = Release|Any CPU
	EndGlobalSection
	GlobalSection(ProjectConfigurationPlatforms) = postSolution
		{490B43EE-0C66-8C05-3A39-A5FD2E08A29D}.Debug|Any CPU.ActiveCfg = Debug|Any CPU
		{490B43EE-0C66-8C05-3A39-A5FD2E08A29D}.Debug|Any CPU.Build.0 = Debug|Any CPU
		{490B43EE-0C66-8C05-3A39-A5FD2E08A29D}.Release|Any CPU.ActiveCfg = Release|Any CPU
		{490B43EE-0C66-8C05-3A39-A5FD2E08A29D}.Release|Any CPU.Build.0 = Release|Any CPU
	EndGlobalSection
	GlobalSection(SolutionProperties) = preSolution
		HideSolutionNode = FALSE
	EndGlobalSection
	GlobalSection(ExtensibilityGlobals) = postSolution
		SolutionGuid = {9C8DF01A-5DC4-4DBC-A4B3-1DA75230FDB6}
	EndGlobalSection
EndGlobal
